
Microsoft Visual Studio Solution File, Format Version 12.00
# Visual Studio Version 17
VisualStudioVersion = 17.11.35222.181
MinimumVisualStudioVersion = 10.0.40219.1
Project("{FAE04EC0-301F-11D3-BF4B-00C04F79EFBC}") = "OOP2", "OOP2\OOP2.csproj", "{D3E3EE3A-FB4C-4181-97F1-8F99B9D3FB01}"
EndProject
Global
	GlobalSection(SolutionConfigurationPlatforms) = preSolution
		Debug|Any CPU = Debug|Any CPU
		Release|Any CPU = Release|Any CPU
	EndGlobalSection
	GlobalSection(ProjectConfigurationPlatforms) = postSolution
		{D3E3EE3A-FB4C-4181-97F1-8F99B9D3FB01}.Debug|Any CPU.ActiveCfg = Debug|Any CPU
		{D3E3EE3A-FB4C-4181-97F1-8F99B9D3FB01}.Debug|Any CPU.Build.0 = Debug|Any CPU
		{D3E3EE3A-FB4C-4181-97F1-8F99B9D3FB01}.Release|Any CPU.ActiveCfg = Release|Any CPU
		{D3E3EE3A-FB4C-4181-97F1-8F99B9D3FB01}.Release|Any CPU.Build.0 = Release|Any CPU
	EndGlobalSection
	GlobalSection(SolutionProperties) = preSolution
		HideSolutionNode = FALSE
	EndGlobalSection
	GlobalSection(ExtensibilityGlobals) = postSolution
		SolutionGuid = {470EBA42-DC6F-4A65-9453-5D19444B84EF}
	EndGlobalSection
EndGlobal
